
Microsoft Visual Studio Solution File, Format Version 12.00
# Visual Studio Version 17
VisualStudioVersion = 17.1.32421.90
MinimumVisualStudioVersion = 10.0.40219.1
Project("{FAE04EC0-301F-11D3-BF4B-00C04F79EFBC}") = "VeterinariaWeb", "VeterinariaWeb\VeterinariaWeb.csproj", "{FA693D7C-700D-4411-B00C-0E4939106549}"
EndProject
Global
	GlobalSection(SolutionConfigurationPlatforms) = preSolution
		Debug|Any CPU = Debug|Any CPU
		Release|Any CPU = Release|Any CPU
	EndGlobalSection
	GlobalSection(ProjectConfigurationPlatforms) = postSolution
		{FA693D7C-700D-4411-B00C-0E4939106549}.Debug|Any CPU.ActiveCfg = Debug|Any CPU
		{FA693D7C-700D-4411-B00C-0E4939106549}.Debug|Any CPU.Build.0 = Debug|Any CPU
		{FA693D7C-700D-4411-B00C-0E4939106549}.Release|Any CPU.ActiveCfg = Release|Any CPU
		{FA693D7C-700D-4411-B00C-0E4939106549}.Release|Any CPU.Build.0 = Release|Any CPU
	EndGlobalSection
	GlobalSection(SolutionProperties) = preSolution
		HideSolutionNode = FALSE
	EndGlobalSection
	GlobalSection(ExtensibilityGlobals) = postSolution
		SolutionGuid = {47AE503B-9D0B-4824-AFBF-B8736509E60E}
	EndGlobalSection
EndGlobal
